
Microsoft Visual Studio Solution File, Format Version 12.00
# Visual Studio 14
VisualStudioVersion = 14.0.25420.1
MinimumVisualStudioVersion = 10.0.40219.1
Project("{FAE04EC0-301F-11D3-BF4B-00C04F79EFBC}") = "MultiscreenOne", "MultiscreenOne\MultiscreenOne\MultiscreenOne.csproj", "{17422CCD-2170-4C9B-8BF4-D41252E0A35C}"
EndProject
Project("{FAE04EC0-301F-11D3-BF4B-00C04F79EFBC}") = "MultiscreenOne.Droid", "MultiscreenOne\MultiscreenOne.Droid\MultiscreenOne.Droid.csproj", "{2093FB68-EC6F-4B47-84CC-D7894183EB4D}"
EndProject
Project("{FAE04EC0-301F-11D3-BF4B-00C04F79EFBC}") = "MultiscreenOne.iOS", "MultiscreenOne\MultiscreenOne.iOS\MultiscreenOne.iOS.csproj", "{E8781120-2F4F-44AD-8F3B-C4DC58A5A2AA}"
EndProject
Project("{FAE04EC0-301F-11D3-BF4B-00C04F79EFBC}") = "MultiscreenOne.WinPhone", "MultiscreenOne\MultiscreenOne.WinPhone\MultiscreenOne.WinPhone.csproj", "{FDC9103C-2592-4BC4-B4D7-85C8D1D41EAF}"
EndProject
Project("{FAE04EC0-301F-11D3-BF4B-00C04F79EFBC}") = "MultiscreenOne.Windows", "MultiscreenOne\MultiscreenOne.Windows\MultiscreenOne.Windows.csproj", "{57904F85-3BC2-4063-B685-76F9DE516967}"
EndProject
Global
	GlobalSection(SolutionConfigurationPlatforms) = preSolution
		Ad-Hoc|Any CPU = Ad-Hoc|Any CPU
		Ad-Hoc|ARM = Ad-Hoc|ARM
		Ad-Hoc|iPhone = Ad-Hoc|iPhone
		Ad-Hoc|iPhoneSimulator = Ad-Hoc|iPhoneSimulator
		Ad-Hoc|x64 = Ad-Hoc|x64
		Ad-Hoc|x86 = Ad-Hoc|x86
		AppStore|Any CPU = AppStore|Any CPU
		AppStore|ARM = AppStore|ARM
		AppStore|iPhone = AppStore|iPhone
		AppStore|iPhoneSimulator = AppStore|iPhoneSimulator
		AppStore|x64 = AppStore|x64
		AppStore|x86 = AppStore|x86
		Debug|Any CPU = Debug|Any CPU
		Debug|ARM = Debug|ARM
		Debug|iPhone = Debug|iPhone
		Debug|iPhoneSimulator = Debug|iPhoneSimulator
		Debug|x64 = Debug|x64
		Debug|x86 = Debug|x86
		Release|Any CPU = Release|Any CPU
		Release|ARM = Release|ARM
		Release|iPhone = Release|iPhone
		Release|iPhoneSimulator = Release|iPhoneSimulator
		Release|x64 = Release|x64
		Release|x86 = Release|x86
	EndGlobalSection
	GlobalSection(ProjectConfigurationPlatforms) = postSolution
		{17422CCD-2170-4C9B-8BF4-D41252E0A35C}.Ad-Hoc|Any CPU.ActiveCfg = Release|Any CPU
		{17422CCD-2170-4C9B-8BF4-D41252E0A35C}.Ad-Hoc|Any CPU.Build.0 = Release|Any CPU
		{17422CCD-2170-4C9B-8BF4-D41252E0A35C}.Ad-Hoc|ARM.ActiveCfg = Release|Any CPU
		{17422CCD-2170-4C9B-8BF4-D41252E0A35C}.Ad-Hoc|ARM.Build.0 = Release|Any CPU
		{17422CCD-2170-4C9B-8BF4-D41252E0A35C}.Ad-Hoc|iPhone.ActiveCfg = Release|Any CPU
		{17422CCD-2170-4C9B-8BF4-D41252E0A35C}.Ad-Hoc|iPhone.Build.0 = Release|Any CPU
		{17422CCD-2170-4C9B-8BF4-D41252E0A35C}.Ad-Hoc|iPhoneSimulator.ActiveCfg = Release|Any CPU
		{17422CCD-2170-4C9B-8BF4-D41252E0A35C}.Ad-Hoc|iPhoneSimulator.Build.0 = Release|Any CPU
		{17422CCD-2170-4C9B-8BF4-D41252E0A35C}.Ad-Hoc|x64.ActiveCfg = Release|Any CPU
		{17422CCD-2170-4C9B-8BF4-D41252E0A35C}.Ad-Hoc|x64.Build.0 = Release|Any CPU
		{17422CCD-2170-4C9B-8BF4-D41252E0A35C}.Ad-Hoc|x86.ActiveCfg = Release|Any CPU
		{17422CCD-2170-4C9B-8BF4-D41252E0A35C}.Ad-Hoc|x86.Build.0 = Release|Any CPU
		{17422CCD-2170-4C9B-8BF4-D41252E0A35C}.AppStore|Any CPU.ActiveCfg = Release|Any CPU
		{17422CCD-2170-4C9B-8BF4-D41252E0A35C}.AppStore|Any CPU.Build.0 = Release|Any CPU
		{17422CCD-2170-4C9B-8BF4-D41252E0A35C}.AppStore|ARM.ActiveCfg = Release|Any CPU
		{17422CCD-2170-4C9B-8BF4-D41252E0A35C}.AppStore|ARM.Build.0 = Release|Any CPU
		{17422CCD-2170-4C9B-8BF4-D41252E0A35C}.AppStore|iPhone.ActiveCfg = Release|Any CPU
		{17422CCD-2170-4C9B-8BF4-D41252E0A35C}.AppStore|iPhone.Build.0 = Release|Any CPU
		{17422CCD-2170-4C9B-8BF4-D41252E0A35C}.AppStore|iPhoneSimulator.ActiveCfg = Release|Any CPU
		{17422CCD-2170-4C9B-8BF4-D41252E0A35C}.AppStore|iPhoneSimulator.Build.0 = Release|Any CPU
		{17422CCD-2170-4C9B-8BF4-D41252E0A35C}.AppStore|x64.ActiveCfg = Release|Any CPU
		{17422CCD-2170-4C9B-8BF4-D41252E0A35C}.AppStore|x64.Build.0 = Release|Any CPU
		{17422CCD-2170-4C9B-8BF4-D41252E0A35C}.AppStore|x86.ActiveCfg = Release|Any CPU
		{17422CCD-2170-4C9B-8BF4-D41252E0A35C}.AppStore|x86.Build.0 = Release|Any CPU
		{17422CCD-2170-4C9B-8BF4-D41252E0A35C}.Debug|Any CPU.ActiveCfg = Debug|Any CPU
		{17422CCD-2170-4C9B-8BF4-D41252E0A35C}.Debug|Any CPU.Build.0 = Debug|Any CPU
		{17422CCD-2170-4C9B-8BF4-D41252E0A35C}.Debug|ARM.ActiveCfg = Debug|Any CPU
		{17422CCD-2170-4C9B-8BF4-D41252E0A35C}.Debug|ARM.Build.0 = Debug|Any CPU
		{17422CCD-2170-4C9B-8BF4-D41252E0A35C}.Debug|iPhone.ActiveCfg = Debug|Any CPU
		{17422CCD-2170-4C9B-8BF4-D41252E0A35C}.Debug|iPhone.Build.0 = Debug|Any CPU
		{17422CCD-2170-4C9B-8BF4-D41252E0A35C}.Debug|iPhoneSimulator.ActiveCfg = Debug|Any CPU
		{17422CCD-2170-4C9B-8BF4-D41252E0A35C}.Debug|iPhoneSimulator.Build.0 = Debug|Any CPU
		{17422CCD-2170-4C9B-8BF4-D41252E0A35C}.Debug|x64.ActiveCfg = Debug|Any CPU
		{17422CCD-2170-4C9B-8BF4-D41252E0A35C}.Debug|x64.Build.0 = Debug|Any CPU
		{17422CCD-2170-4C9B-8BF4-D41252E0A35C}.Debug|x86.ActiveCfg = Debug|Any CPU
		{17422CCD-2170-4C9B-8BF4-D41252E0A35C}.Debug|x86.Build.0 = Debug|Any CPU
		{17422CCD-2170-4C9B-8BF4-D41252E0A35C}.Release|Any CPU.ActiveCfg = Release|Any CPU
		{17422CCD-2170-4C9B-8BF4-D41252E0A35C}.Release|Any CPU.Build.0 = Release|Any CPU
		{17422CCD-2170-4C9B-8BF4-D41252E0A35C}.Release|ARM.ActiveCfg = Release|Any CPU
		{17422CCD-2170-4C9B-8BF4-D41252E0A35C}.Release|ARM.Build.0 = Release|Any CPU
		{17422CCD-2170-4C9B-8BF4-D41252E0A35C}.Release|iPhone.ActiveCfg = Release|Any CPU
		{17422CCD-2170-4C9B-8BF4-D41252E0A35C}.Release|iPhone.Build.0 = Release|Any CPU
		{17422CCD-2170-4C9B-8BF4-D41252E0A35C}.Release|iPhoneSimulator.ActiveCfg = Release|Any CPU
		{17422CCD-2170-4C9B-8BF4-D41252E0A35C}.Release|iPhoneSimulator.Build.0 = Release|Any CPU
		{17422CCD-2170-4C9B-8BF4-D41252E0A35C}.Release|x64.ActiveCfg = Release|Any CPU
		{17422CCD-2170-4C9B-8BF4-D41252E0A35C}.Release|x64.Build.0 = Release|Any CPU
		{17422CCD-2170-4C9B-8BF4-D41252E0A35C}.Release|x86.ActiveCfg = Release|Any CPU
		{17422CCD-2170-4C9B-8BF4-D41252E0A35C}.Release|x86.Build.0 = Release|Any CPU
		{2093FB68-EC6F-4B47-84CC-D7894183EB4D}.Ad-Hoc|Any CPU.ActiveCfg = Release|Any CPU
		{2093FB68-EC6F-4B47-84CC-D7894183EB4D}.Ad-Hoc|Any CPU.Build.0 = Release|Any CPU
		{2093FB68-EC6F-4B47-84CC-D7894183EB4D}.Ad-Hoc|Any CPU.Deploy.0 = Release|Any CPU
		{2093FB68-EC6F-4B47-84CC-D7894183EB4D}.Ad-Hoc|ARM.ActiveCfg = Release|Any CPU
		{2093FB68-EC6F-4B47-84CC-D7894183EB4D}.Ad-Hoc|ARM.Build.0 = Release|Any CPU
		{2093FB68-EC6F-4B47-84CC-D7894183EB4D}.Ad-Hoc|ARM.Deploy.0 = Release|Any CPU
		{2093FB68-EC6F-4B47-84CC-D7894183EB4D}.Ad-Hoc|iPhone.ActiveCfg = Release|Any CPU
		{2093FB68-EC6F-4B47-84CC-D7894183EB4D}.Ad-Hoc|iPhone.Build.0 = Release|Any CPU
		{2093FB68-EC6F-4B47-84CC-D7894183EB4D}.Ad-Hoc|iPhone.Deploy.0 = Release|Any CPU
		{2093FB68-EC6F-4B47-84CC-D7894183EB4D}.Ad-Hoc|iPhoneSimulator.ActiveCfg = Release|Any CPU
		{2093FB68-EC6F-4B47-84CC-D7894183EB4D}.Ad-Hoc|iPhoneSimulator.Build.0 = Release|Any CPU
		{2093FB68-EC6F-4B47-84CC-D7894183EB4D}.Ad-Hoc|iPhoneSimulator.Deploy.0 = Release|Any CPU
		{2093FB68-EC6F-4B47-84CC-D7894183EB4D}.Ad-Hoc|x64.ActiveCfg = Release|Any CPU
		{2093FB68-EC6F-4B47-84CC-D7894183EB4D}.Ad-Hoc|x64.Build.0 = Release|Any CPU
		{2093FB68-EC6F-4B47-84CC-D7894183EB4D}.Ad-Hoc|x64.Deploy.0 = Release|Any CPU
		{2093FB68-EC6F-4B47-84CC-D7894183EB4D}.Ad-Hoc|x86.ActiveCfg = Release|Any CPU
		{2093FB68-EC6F-4B47-84CC-D7894183EB4D}.Ad-Hoc|x86.Build.0 = Release|Any CPU
		{2093FB68-EC6F-4B47-84CC-D7894183EB4D}.Ad-Hoc|x86.Deploy.0 = Release|Any CPU
		{2093FB68-EC6F-4B47-84CC-D7894183EB4D}.AppStore|Any CPU.ActiveCfg = Release|Any CPU
		{2093FB68-EC6F-4B47-84CC-D7894183EB4D}.AppStore|Any CPU.Build.0 = Release|Any CPU
		{2093FB68-EC6F-4B47-84CC-D7894183EB4D}.AppStore|Any CPU.Deploy.0 = Release|Any CPU
		{2093FB68-EC6F-4B47-84CC-D7894183EB4D}.AppStore|ARM.ActiveCfg = Release|Any CPU
		{2093FB68-EC6F-4B47-84CC-D7894183EB4D}.AppStore|ARM.Build.0 = Release|Any CPU
		{2093FB68-EC6F-4B47-84CC-D7894183EB4D}.AppStore|ARM.Deploy.0 = Release|Any CPU
		{2093FB68-EC6F-4B47-84CC-D7894183EB4D}.AppStore|iPhone.ActiveCfg = Release|Any CPU
		{2093FB68-EC6F-4B47-84CC-D7894183EB4D}.AppStore|iPhone.Build.0 = Release|Any CPU
		{2093FB68-EC6F-4B47-84CC-D7894183EB4D}.AppStore|iPhone.Deploy.0 = Release|Any CPU
		{2093FB68-EC6F-4B47-84CC-D7894183EB4D}.AppStore|iPhoneSimulator.ActiveCfg = Release|Any CPU
		{2093FB68-EC6F-4B47-84CC-D7894183EB4D}.AppStore|iPhoneSimulator.Build.0 = Release|Any CPU
		{2093FB68-EC6F-4B47-84CC-D7894183EB4D}.AppStore|iPhoneSimulator.Deploy.0 = Release|Any CPU
		{2093FB68-EC6F-4B47-84CC-D7894183EB4D}.AppStore|x64.ActiveCfg = Release|Any CPU
		{2093FB68-EC6F-4B47-84CC-D7894183EB4D}.AppStore|x64.Build.0 = Release|Any CPU
		{2093FB68-EC6F-4B47-84CC-D7894183EB4D}.AppStore|x64.Deploy.0 = Release|Any CPU
		{2093FB68-EC6F-4B47-84CC-D7894183EB4D}.AppStore|x86.ActiveCfg = Release|Any CPU
		{2093FB68-EC6F-4B47-84CC-D7894183EB4D}.AppStore|x86.Build.0 = Release|Any CPU
		{2093FB68-EC6F-4B47-84CC-D7894183EB4D}.AppStore|x86.Deploy.0 = Release|Any CPU
		{2093FB68-EC6F-4B47-84CC-D7894183EB4D}.Debug|Any CPU.ActiveCfg = Debug|Any CPU
		{2093FB68-EC6F-4B47-84CC-D7894183EB4D}.Debug|Any CPU.Build.0 = Debug|Any CPU
		{2093FB68-EC6F-4B47-84CC-D7894183EB4D}.Debug|Any CPU.Deploy.0 = Debug|Any CPU
		{2093FB68-EC6F-4B47-84CC-D7894183EB4D}.Debug|ARM.ActiveCfg = Debug|Any CPU
		{2093FB68-EC6F-4B47-84CC-D7894183EB4D}.Debug|ARM.Build.0 = Debug|Any CPU
		{2093FB68-EC6F-4B47-84CC-D7894183EB4D}.Debug|ARM.Deploy.0 = Debug|Any CPU
		{2093FB68-EC6F-4B47-84CC-D7894183EB4D}.Debug|iPhone.ActiveCfg = Debug|Any CPU
		{2093FB68-EC6F-4B47-84CC-D7894183EB4D}.Debug|iPhone.Build.0 = Debug|Any CPU
		{2093FB68-EC6F-4B47-84CC-D7894183EB4D}.Debug|iPhone.Deploy.0 = Debug|Any CPU
		{2093FB68-EC6F-4B47-84CC-D7894183EB4D}.Debug|iPhoneSimulator.ActiveCfg = Debug|Any CPU
		{2093FB68-EC6F-4B47-84CC-D7894183EB4D}.Debug|iPhoneSimulator.Build.0 = Debug|Any CPU
		{2093FB68-EC6F-4B47-84CC-D7894183EB4D}.Debug|iPhoneSimulator.Deploy.0 = Debug|Any CPU
		{2093FB68-EC6F-4B47-84CC-D7894183EB4D}.Debug|x64.ActiveCfg = Debug|Any CPU
		{2093FB68-EC6F-4B47-84CC-D7894183EB4D}.Debug|x64.Build.0 = Debug|Any CPU
		{2093FB68-EC6F-4B47-84CC-D7894183EB4D}.Debug|x64.Deploy.0 = Debug|Any CPU
		{2093FB68-EC6F-4B47-84CC-D7894183EB4D}.Debug|x86.ActiveCfg = Debug|Any CPU
		{2093FB68-EC6F-4B47-84CC-D7894183EB4D}.Debug|x86.Build.0 = Debug|Any CPU
		{2093FB68-EC6F-4B47-84CC-D7894183EB4D}.Debug|x86.Deploy.0 = Debug|Any CPU
		{2093FB68-EC6F-4B47-84CC-D7894183EB4D}.Release|Any CPU.ActiveCfg = Release|Any CPU
		{2093FB68-EC6F-4B47-84CC-D7894183EB4D}.Release|Any CPU.Build.0 = Release|Any CPU
		{2093FB68-EC6F-4B47-84CC-D7894183EB4D}.Release|Any CPU.Deploy.0 = Release|Any CPU
		{2093FB68-EC6F-4B47-84CC-D7894183EB4D}.Release|ARM.ActiveCfg = Release|Any CPU
		{2093FB68-EC6F-4B47-84CC-D7894183EB4D}.Release|ARM.Build.0 = Release|Any CPU
		{2093FB68-EC6F-4B47-84CC-D7894183EB4D}.Release|ARM.Deploy.0 = Release|Any CPU
		{2093FB68-EC6F-4B47-84CC-D7894183EB4D}.Release|iPhone.ActiveCfg = Release|Any CPU
		{2093FB68-EC6F-4B47-84CC-D7894183EB4D}.Release|iPhone.Build.0 = Release|Any CPU
		{2093FB68-EC6F-4B47-84CC-D7894183EB4D}.Release|iPhone.Deploy.0 = Release|Any CPU
		{2093FB68-EC6F-4B47-84CC-D7894183EB4D}.Release|iPhoneSimulator.ActiveCfg = Release|Any CPU
		{2093FB68-EC6F-4B47-84CC-D7894183EB4D}.Release|iPhoneSimulator.Build.0 = Release|Any CPU
		{2093FB68-EC6F-4B47-84CC-D7894183EB4D}.Release|iPhoneSimulator.Deploy.0 = Release|Any CPU
		{2093FB68-EC6F-4B47-84CC-D7894183EB4D}.Release|x64.ActiveCfg = Release|Any CPU
		{2093FB68-EC6F-4B47-84CC-D7894183EB4D}.Release|x64.Build.0 = Release|Any CPU
		{2093FB68-EC6F-4B47-84CC-D7894183EB4D}.Release|x64.Deploy.0 = Release|Any CPU
		{2093FB68-EC6F-4B47-84CC-D7894183EB4D}.Release|x86.ActiveCfg = Release|Any CPU
		{2093FB68-EC6F-4B47-84CC-D7894183EB4D}.Release|x86.Build.0 = Release|Any CPU
		{2093FB68-EC6F-4B47-84CC-D7894183EB4D}.Release|x86.Deploy.0 = Release|Any CPU
		{E8781120-2F4F-44AD-8F3B-C4DC58A5A2AA}.Ad-Hoc|Any CPU.ActiveCfg = Ad-Hoc|iPhone
		{E8781120-2F4F-44AD-8F3B-C4DC58A5A2AA}.Ad-Hoc|ARM.ActiveCfg = Ad-Hoc|iPhone
		{E8781120-2F4F-44AD-8F3B-C4DC58A5A2AA}.Ad-Hoc|iPhone.ActiveCfg = Ad-Hoc|iPhone
		{E8781120-2F4F-44AD-8F3B-C4DC58A5A2AA}.Ad-Hoc|iPhone.Build.0 = Ad-Hoc|iPhone
		{E8781120-2F4F-44AD-8F3B-C4DC58A5A2AA}.Ad-Hoc|iPhoneSimulator.ActiveCfg = Ad-Hoc|iPhoneSimulator
		{E8781120-2F4F-44AD-8F3B-C4DC58A5A2AA}.Ad-Hoc|iPhoneSimulator.Build.0 = Ad-Hoc|iPhoneSimulator
		{E8781120-2F4F-44AD-8F3B-C4DC58A5A2AA}.Ad-Hoc|x64.ActiveCfg = Ad-Hoc|iPhone
		{E8781120-2F4F-44AD-8F3B-C4DC58A5A2AA}.Ad-Hoc|x86.ActiveCfg = Ad-Hoc|iPhone
		{E8781120-2F4F-44AD-8F3B-C4DC58A5A2AA}.AppStore|Any CPU.ActiveCfg = AppStore|iPhone
		{E8781120-2F4F-44AD-8F3B-C4DC58A5A2AA}.AppStore|ARM.ActiveCfg = AppStore|iPhone
		{E8781120-2F4F-44AD-8F3B-C4DC58A5A2AA}.AppStore|iPhone.ActiveCfg = AppStore|iPhone
		{E8781120-2F4F-44AD-8F3B-C4DC58A5A2AA}.AppStore|iPhone.Build.0 = AppStore|iPhone
		{E8781120-2F4F-44AD-8F3B-C4DC58A5A2AA}.AppStore|iPhoneSimulator.ActiveCfg = AppStore|iPhoneSimulator
		{E8781120-2F4F-44AD-8F3B-C4DC58A5A2AA}.AppStore|iPhoneSimulator.Build.0 = AppStore|iPhoneSimulator
		{E8781120-2F4F-44AD-8F3B-C4DC58A5A2AA}.AppStore|x64.ActiveCfg = AppStore|iPhone
		{E8781120-2F4F-44AD-8F3B-C4DC58A5A2AA}.AppStore|x86.ActiveCfg = AppStore|iPhone
		{E8781120-2F4F-44AD-8F3B-C4DC58A5A2AA}.Debug|Any CPU.ActiveCfg = Debug|iPhone
		{E8781120-2F4F-44AD-8F3B-C4DC58A5A2AA}.Debug|ARM.ActiveCfg = Debug|iPhone
		{E8781120-2F4F-44AD-8F3B-C4DC58A5A2AA}.Debug|iPhone.ActiveCfg = Debug|iPhone
		{E8781120-2F4F-44AD-8F3B-C4DC58A5A2AA}.Debug|iPhone.Build.0 = Debug|iPhone
		{E8781120-2F4F-44AD-8F3B-C4DC58A5A2AA}.Debug|iPhoneSimulator.ActiveCfg = Debug|iPhoneSimulator
		{E8781120-2F4F-44AD-8F3B-C4DC58A5A2AA}.Debug|iPhoneSimulator.Build.0 = Debug|iPhoneSimulator
		{E8781120-2F4F-44AD-8F3B-C4DC58A5A2AA}.Debug|x64.ActiveCfg = Debug|iPhone
		{E8781120-2F4F-44AD-8F3B-C4DC58A5A2AA}.Debug|x86.ActiveCfg = Debug|iPhone
		{E8781120-2F4F-44AD-8F3B-C4DC58A5A2AA}.Release|Any CPU.ActiveCfg = Release|iPhone
		{E8781120-2F4F-44AD-8F3B-C4DC58A5A2AA}.Release|ARM.ActiveCfg = Release|iPhone
		{E8781120-2F4F-44AD-8F3B-C4DC58A5A2AA}.Release|iPhone.ActiveCfg = Release|iPhone
		{E8781120-2F4F-44AD-8F3B-C4DC58A5A2AA}.Release|iPhone.Build.0 = Release|iPhone
		{E8781120-2F4F-44AD-8F3B-C4DC58A5A2AA}.Release|iPhoneSimulator.ActiveCfg = Release|iPhoneSimulator
		{E8781120-2F4F-44AD-8F3B-C4DC58A5A2AA}.Release|iPhoneSimulator.Build.0 = Release|iPhoneSimulator
		{E8781120-2F4F-44AD-8F3B-C4DC58A5A2AA}.Release|x64.ActiveCfg = Release|iPhone
		{E8781120-2F4F-44AD-8F3B-C4DC58A5A2AA}.Release|x86.ActiveCfg = Release|iPhone
		{FDC9103C-2592-4BC4-B4D7-85C8D1D41EAF}.Ad-Hoc|Any CPU.ActiveCfg = Release|Any CPU
		{FDC9103C-2592-4BC4-B4D7-85C8D1D41EAF}.Ad-Hoc|Any CPU.Build.0 = Release|Any CPU
		{FDC9103C-2592-4BC4-B4D7-85C8D1D41EAF}.Ad-Hoc|Any CPU.Deploy.0 = Release|Any CPU
		{FDC9103C-2592-4BC4-B4D7-85C8D1D41EAF}.Ad-Hoc|ARM.ActiveCfg = Release|ARM
		{FDC9103C-2592-4BC4-B4D7-85C8D1D41EAF}.Ad-Hoc|ARM.Build.0 = Release|ARM
		{FDC9103C-2592-4BC4-B4D7-85C8D1D41EAF}.Ad-Hoc|ARM.Deploy.0 = Release|ARM
		{FDC9103C-2592-4BC4-B4D7-85C8D1D41EAF}.Ad-Hoc|iPhone.ActiveCfg = Release|Any CPU
		{FDC9103C-2592-4BC4-B4D7-85C8D1D41EAF}.Ad-Hoc|iPhone.Build.0 = Release|Any CPU
		{FDC9103C-2592-4BC4-B4D7-85C8D1D41EAF}.Ad-Hoc|iPhone.Deploy.0 = Release|Any CPU
		{FDC9103C-2592-4BC4-B4D7-85C8D1D41EAF}.Ad-Hoc|iPhoneSimulator.ActiveCfg = Release|Any CPU
		{FDC9103C-2592-4BC4-B4D7-85C8D1D41EAF}.Ad-Hoc|iPhoneSimulator.Build.0 = Release|Any CPU
		{FDC9103C-2592-4BC4-B4D7-85C8D1D41EAF}.Ad-Hoc|iPhoneSimulator.Deploy.0 = Release|Any CPU
		{FDC9103C-2592-4BC4-B4D7-85C8D1D41EAF}.Ad-Hoc|x64.ActiveCfg = Release|Any CPU
		{FDC9103C-2592-4BC4-B4D7-85C8D1D41EAF}.Ad-Hoc|x64.Build.0 = Release|Any CPU
		{FDC9103C-2592-4BC4-B4D7-85C8D1D41EAF}.Ad-Hoc|x64.Deploy.0 = Release|Any CPU
		{FDC9103C-2592-4BC4-B4D7-85C8D1D41EAF}.Ad-Hoc|x86.ActiveCfg = Release|x86
		{FDC9103C-2592-4BC4-B4D7-85C8D1D41EAF}.Ad-Hoc|x86.Build.0 = Release|x86
		{FDC9103C-2592-4BC4-B4D7-85C8D1D41EAF}.Ad-Hoc|x86.Deploy.0 = Release|x86
		{FDC9103C-2592-4BC4-B4D7-85C8D1D41EAF}.AppStore|Any CPU.ActiveCfg = Release|Any CPU
		{FDC9103C-2592-4BC4-B4D7-85C8D1D41EAF}.AppStore|Any CPU.Build.0 = Release|Any CPU
		{FDC9103C-2592-4BC4-B4D7-85C8D1D41EAF}.AppStore|Any CPU.Deploy.0 = Release|Any CPU
		{FDC9103C-2592-4BC4-B4D7-85C8D1D41EAF}.AppStore|ARM.ActiveCfg = Release|ARM
		{FDC9103C-2592-4BC4-B4D7-85C8D1D41EAF}.AppStore|ARM.Build.0 = Release|ARM
		{FDC9103C-2592-4BC4-B4D7-85C8D1D41EAF}.AppStore|ARM.Deploy.0 = Release|ARM
		{FDC9103C-2592-4BC4-B4D7-85C8D1D41EAF}.AppStore|iPhone.ActiveCfg = Release|Any CPU
		{FDC9103C-2592-4BC4-B4D7-85C8D1D41EAF}.AppStore|iPhone.Build.0 = Release|Any CPU
		{FDC9103C-2592-4BC4-B4D7-85C8D1D41EAF}.AppStore|iPhone.Deploy.0 = Release|Any CPU
		{FDC9103C-2592-4BC4-B4D7-85C8D1D41EAF}.AppStore|iPhoneSimulator.ActiveCfg = Release|Any CPU
		{FDC9103C-2592-4BC4-B4D7-85C8D1D41EAF}.AppStore|iPhoneSimulator.Build.0 = Release|Any CPU
		{FDC9103C-2592-4BC4-B4D7-85C8D1D41EAF}.AppStore|iPhoneSimulator.Deploy.0 = Release|Any CPU
		{FDC9103C-2592-4BC4-B4D7-85C8D1D41EAF}.AppStore|x64.ActiveCfg = Release|Any CPU
		{FDC9103C-2592-4BC4-B4D7-85C8D1D41EAF}.AppStore|x64.Build.0 = Release|Any CPU
		{FDC9103C-2592-4BC4-B4D7-85C8D1D41EAF}.AppStore|x64.Deploy.0 = Release|Any CPU
		{FDC9103C-2592-4BC4-B4D7-85C8D1D41EAF}.AppStore|x86.ActiveCfg = Release|x86
		{FDC9103C-2592-4BC4-B4D7-85C8D1D41EAF}.AppStore|x86.Build.0 = Release|x86
		{FDC9103C-2592-4BC4-B4D7-85C8D1D41EAF}.AppStore|x86.Deploy.0 = Release|x86
		{FDC9103C-2592-4BC4-B4D7-85C8D1D41EAF}.Debug|Any CPU.ActiveCfg = Debug|Any CPU
		{FDC9103C-2592-4BC4-B4D7-85C8D1D41EAF}.Debug|Any CPU.Build.0 = Debug|Any CPU
		{FDC9103C-2592-4BC4-B4D7-85C8D1D41EAF}.Debug|Any CPU.Deploy.0 = Debug|Any CPU
		{FDC9103C-2592-4BC4-B4D7-85C8D1D41EAF}.Debug|ARM.ActiveCfg = Debug|ARM
		{FDC9103C-2592-4BC4-B4D7-85C8D1D41EAF}.Debug|ARM.Build.0 = Debug|ARM
		{FDC9103C-2592-4BC4-B4D7-85C8D1D41EAF}.Debug|ARM.Deploy.0 = Debug|ARM
		{FDC9103C-2592-4BC4-B4D7-85C8D1D41EAF}.Debug|iPhone.ActiveCfg = Debug|Any CPU
		{FDC9103C-2592-4BC4-B4D7-85C8D1D41EAF}.Debug|iPhone.Build.0 = Debug|Any CPU
		{FDC9103C-2592-4BC4-B4D7-85C8D1D41EAF}.Debug|iPhone.Deploy.0 = Debug|Any CPU
		{FDC9103C-2592-4BC4-B4D7-85C8D1D41EAF}.Debug|iPhoneSimulator.ActiveCfg = Debug|Any CPU
		{FDC9103C-2592-4BC4-B4D7-85C8D1D41EAF}.Debug|iPhoneSimulator.Build.0 = Debug|Any CPU
		{FDC9103C-2592-4BC4-B4D7-85C8D1D41EAF}.Debug|iPhoneSimulator.Deploy.0 = Debug|Any CPU
		{FDC9103C-2592-4BC4-B4D7-85C8D1D41EAF}.Debug|x64.ActiveCfg = Debug|Any CPU
		{FDC9103C-2592-4BC4-B4D7-85C8D1D41EAF}.Debug|x64.Build.0 = Debug|Any CPU
		{FDC9103C-2592-4BC4-B4D7-85C8D1D41EAF}.Debug|x64.Deploy.0 = Debug|Any CPU
		{FDC9103C-2592-4BC4-B4D7-85C8D1D41EAF}.Debug|x86.ActiveCfg = Debug|x86
		{FDC9103C-2592-4BC4-B4D7-85C8D1D41EAF}.Debug|x86.Build.0 = Debug|x86
		{FDC9103C-2592-4BC4-B4D7-85C8D1D41EAF}.Debug|x86.Deploy.0 = Debug|x86
		{FDC9103C-2592-4BC4-B4D7-85C8D1D41EAF}.Release|Any CPU.ActiveCfg = Release|Any CPU
		{FDC9103C-2592-4BC4-B4D7-85C8D1D41EAF}.Release|Any CPU.Build.0 = Release|Any CPU
		{FDC9103C-2592-4BC4-B4D7-85C8D1D41EAF}.Release|Any CPU.Deploy.0 = Release|Any CPU
		{FDC9103C-2592-4BC4-B4D7-85C8D1D41EAF}.Release|ARM.ActiveCfg = Release|ARM
		{FDC9103C-2592-4BC4-B4D7-85C8D1D41EAF}.Release|ARM.Build.0 = Release|ARM
		{FDC9103C-2592-4BC4-B4D7-85C8D1D41EAF}.Release|ARM.Deploy.0 = Release|ARM
		{FDC9103C-2592-4BC4-B4D7-85C8D1D41EAF}.Release|iPhone.ActiveCfg = Release|Any CPU
		{FDC9103C-2592-4BC4-B4D7-85C8D1D41EAF}.Release|iPhone.Build.0 = Release|Any CPU
		{FDC9103C-2592-4BC4-B4D7-85C8D1D41EAF}.Release|iPhone.Deploy.0 = Release|Any CPU
		{FDC9103C-2592-4BC4-B4D7-85C8D1D41EAF}.Release|iPhoneSimulator.ActiveCfg = Release|Any CPU
		{FDC9103C-2592-4BC4-B4D7-85C8D1D41EAF}.Release|iPhoneSimulator.Build.0 = Release|Any CPU
		{FDC9103C-2592-4BC4-B4D7-85C8D1D41EAF}.Release|iPhoneSimulator.Deploy.0 = Release|Any CPU
		{FDC9103C-2592-4BC4-B4D7-85C8D1D41EAF}.Release|x64.ActiveCfg = Release|Any CPU
		{FDC9103C-2592-4BC4-B4D7-85C8D1D41EAF}.Release|x64.Build.0 = Release|Any CPU
		{FDC9103C-2592-4BC4-B4D7-85C8D1D41EAF}.Release|x64.Deploy.0 = Release|Any CPU
		{FDC9103C-2592-4BC4-B4D7-85C8D1D41EAF}.Release|x86.ActiveCfg = Release|x86
		{FDC9103C-2592-4BC4-B4D7-85C8D1D41EAF}.Release|x86.Build.0 = Release|x86
		{FDC9103C-2592-4BC4-B4D7-85C8D1D41EAF}.Release|x86.Deploy.0 = Release|x86
		{57904F85-3BC2-4063-B685-76F9DE516967}.Ad-Hoc|Any CPU.ActiveCfg = Release|Any CPU
		{57904F85-3BC2-4063-B685-76F9DE516967}.Ad-Hoc|Any CPU.Build.0 = Release|Any CPU
		{57904F85-3BC2-4063-B685-76F9DE516967}.Ad-Hoc|Any CPU.Deploy.0 = Release|Any CPU
		{57904F85-3BC2-4063-B685-76F9DE516967}.Ad-Hoc|ARM.ActiveCfg = Release|ARM
		{57904F85-3BC2-4063-B685-76F9DE516967}.Ad-Hoc|ARM.Build.0 = Release|ARM
		{57904F85-3BC2-4063-B685-76F9DE516967}.Ad-Hoc|ARM.Deploy.0 = Release|ARM
		{57904F85-3BC2-4063-B685-76F9DE516967}.Ad-Hoc|iPhone.ActiveCfg = Release|Any CPU
		{57904F85-3BC2-4063-B685-76F9DE516967}.Ad-Hoc|iPhone.Build.0 = Release|Any CPU
		{57904F85-3BC2-4063-B685-76F9DE516967}.Ad-Hoc|iPhone.Deploy.0 = Release|Any CPU
		{57904F85-3BC2-4063-B685-76F9DE516967}.Ad-Hoc|iPhoneSimulator.ActiveCfg = Release|Any CPU
		{57904F85-3BC2-4063-B685-76F9DE516967}.Ad-Hoc|iPhoneSimulator.Build.0 = Release|Any CPU
		{57904F85-3BC2-4063-B685-76F9DE516967}.Ad-Hoc|iPhoneSimulator.Deploy.0 = Release|Any CPU
		{57904F85-3BC2-4063-B685-76F9DE516967}.Ad-Hoc|x64.ActiveCfg = Release|x64
		{57904F85-3BC2-4063-B685-76F9DE516967}.Ad-Hoc|x64.Build.0 = Release|x64
		{57904F85-3BC2-4063-B685-76F9DE516967}.Ad-Hoc|x64.Deploy.0 = Release|x64
		{57904F85-3BC2-4063-B685-76F9DE516967}.Ad-Hoc|x86.ActiveCfg = Release|x86
		{57904F85-3BC2-4063-B685-76F9DE516967}.Ad-Hoc|x86.Build.0 = Release|x86
		{57904F85-3BC2-4063-B685-76F9DE516967}.Ad-Hoc|x86.Deploy.0 = Release|x86
		{57904F85-3BC2-4063-B685-76F9DE516967}.AppStore|Any CPU.ActiveCfg = Release|Any CPU
		{57904F85-3BC2-4063-B685-76F9DE516967}.AppStore|Any CPU.Build.0 = Release|Any CPU
		{57904F85-3BC2-4063-B685-76F9DE516967}.AppStore|Any CPU.Deploy.0 = Release|Any CPU
		{57904F85-3BC2-4063-B685-76F9DE516967}.AppStore|ARM.ActiveCfg = Release|ARM
		{57904F85-3BC2-4063-B685-76F9DE516967}.AppStore|ARM.Build.0 = Release|ARM
		{57904F85-3BC2-4063-B685-76F9DE516967}.AppStore|ARM.Deploy.0 = Release|ARM
		{57904F85-3BC2-4063-B685-76F9DE516967}.AppStore|iPhone.ActiveCfg = Release|Any CPU
		{57904F85-3BC2-4063-B685-76F9DE516967}.AppStore|iPhone.Build.0 = Release|Any CPU
		{57904F85-3BC2-4063-B685-76F9DE516967}.AppStore|iPhone.Deploy.0 = Release|Any CPU
		{57904F85-3BC2-4063-B685-76F9DE516967}.AppStore|iPhoneSimulator.ActiveCfg = Release|Any CPU
		{57904F85-3BC2-4063-B685-76F9DE516967}.AppStore|iPhoneSimulator.Build.0 = Release|Any CPU
		{57904F85-3BC2-4063-B685-76F9DE516967}.AppStore|iPhoneSimulator.Deploy.0 = Release|Any CPU
		{57904F85-3BC2-4063-B685-76F9DE516967}.AppStore|x64.ActiveCfg = Release|x64
		{57904F85-3BC2-4063-B685-76F9DE516967}.AppStore|x64.Build.0 = Release|x64
		{57904F85-3BC2-4063-B685-76F9DE516967}.AppStore|x64.Deploy.0 = Release|x64
		{57904F85-3BC2-4063-B685-76F9DE516967}.AppStore|x86.ActiveCfg = Release|x86
		{57904F85-3BC2-4063-B685-76F9DE516967}.AppStore|x86.Build.0 = Release|x86
		{57904F85-3BC2-4063-B685-76F9DE516967}.AppStore|x86.Deploy.0 = Release|x86
		{57904F85-3BC2-4063-B685-76F9DE516967}.Debug|Any CPU.ActiveCfg = Debug|Any CPU
		{57904F85-3BC2-4063-B685-76F9DE516967}.Debug|Any CPU.Build.0 = Debug|Any CPU
		{57904F85-3BC2-4063-B685-76F9DE516967}.Debug|Any CPU.Deploy.0 = Debug|Any CPU
		{57904F85-3BC2-4063-B685-76F9DE516967}.Debug|ARM.ActiveCfg = Debug|ARM
		{57904F85-3BC2-4063-B685-76F9DE516967}.Debug|ARM.Build.0 = Debug|ARM
		{57904F85-3BC2-4063-B685-76F9DE516967}.Debug|ARM.Deploy.0 = Debug|ARM
		{57904F85-3BC2-4063-B685-76F9DE516967}.Debug|iPhone.ActiveCfg = Debug|Any CPU
		{57904F85-3BC2-4063-B685-76F9DE516967}.Debug|iPhone.Build.0 = Debug|Any CPU
		{57904F85-3BC2-4063-B685-76F9DE516967}.Debug|iPhone.Deploy.0 = Debug|Any CPU
		{57904F85-3BC2-4063-B685-76F9DE516967}.Debug|iPhoneSimulator.ActiveCfg = Debug|Any CPU
		{57904F85-3BC2-4063-B685-76F9DE516967}.Debug|iPhoneSimulator.Build.0 = Debug|Any CPU
		{57904F85-3BC2-4063-B685-76F9DE516967}.Debug|iPhoneSimulator.Deploy.0 = Debug|Any CPU
		{57904F85-3BC2-4063-B685-76F9DE516967}.Debug|x64.ActiveCfg = Debug|x64
		{57904F85-3BC2-4063-B685-76F9DE516967}.Debug|x64.Build.0 = Debug|x64
		{57904F85-3BC2-4063-B685-76F9DE516967}.Debug|x64.Deploy.0 = Debug|x64
		{57904F85-3BC2-4063-B685-76F9DE516967}.Debug|x86.ActiveCfg = Debug|x86
		{57904F85-3BC2-4063-B685-76F9DE516967}.Debug|x86.Build.0 = Debug|x86
		{57904F85-3BC2-4063-B685-76F9DE516967}.Debug|x86.Deploy.0 = Debug|x86
		{57904F85-3BC2-4063-B685-76F9DE516967}.Release|Any CPU.ActiveCfg = Release|Any CPU
		{57904F85-3BC2-4063-B685-76F9DE516967}.Release|Any CPU.Build.0 = Release|Any CPU
		{57904F85-3BC2-4063-B685-76F9DE516967}.Release|Any CPU.Deploy.0 = Release|Any CPU
		{57904F85-3BC2-4063-B685-76F9DE516967}.Release|ARM.ActiveCfg = Release|ARM
		{57904F85-3BC2-4063-B685-76F9DE516967}.Release|ARM.Build.0 = Release|ARM
		{57904F85-3BC2-4063-B685-76F9DE516967}.Release|ARM.Deploy.0 = Release|ARM
		{57904F85-3BC2-4063-B685-76F9DE516967}.Release|iPhone.ActiveCfg = Release|Any CPU
		{57904F85-3BC2-4063-B685-76F9DE516967}.Release|iPhone.Build.0 = Release|Any CPU
		{57904F85-3BC2-4063-B685-76F9DE516967}.Release|iPhone.Deploy.0 = Release|Any CPU
		{57904F85-3BC2-4063-B685-76F9DE516967}.Release|iPhoneSimulator.ActiveCfg = Release|Any CPU
		{57904F85-3BC2-4063-B685-76F9DE516967}.Release|iPhoneSimulator.Build.0 = Release|Any CPU
		{57904F85-3BC2-4063-B685-76F9DE516967}.Release|iPhoneSimulator.Deploy.0 = Release|Any CPU
		{57904F85-3BC2-4063-B685-76F9DE516967}.Release|x64.ActiveCfg = Release|x64
		{57904F85-3BC2-4063-B685-76F9DE516967}.Release|x64.Build.0 = Release|x64
		{57904F85-3BC2-4063-B685-76F9DE516967}.Release|x64.Deploy.0 = Release|x64
		{57904F85-3BC2-4063-B685-76F9DE516967}.Release|x86.ActiveCfg = Release|x86
		{57904F85-3BC2-4063-B685-76F9DE516967}.Release|x86.Build.0 = Release|x86
		{57904F85-3BC2-4063-B685-76F9DE516967}.Release|x86.Deploy.0 = Release|x86
	EndGlobalSection
	GlobalSection(SolutionProperties) = preSolution
		HideSolutionNode = FALSE
	EndGlobalSection
EndGlobal
